
Microsoft Visual Studio Solution File, Format Version 12.00
# Visual Studio Version 17
VisualStudioVersion = 17.7.34202.233
MinimumVisualStudioVersion = 10.0.40219.1
Project("{FAE04EC0-301F-11D3-BF4B-00C04F79EFBC}") = "RubiksCube", "RubiksCube\RubiksCube.csproj", "{0905D737-9F4C-49D1-992C-17B0E9C6D8ED}"
EndProject
Global
	GlobalSection(SolutionConfigurationPlatforms) = preSolution
		Debug|Any CPU = Debug|Any CPU
		Release|Any CPU = Release|Any CPU
	EndGlobalSection
	GlobalSection(ProjectConfigurationPlatforms) = postSolution
		{0905D737-9F4C-49D1-992C-17B0E9C6D8ED}.Debug|Any CPU.ActiveCfg = Debug|Any CPU
		{0905D737-9F4C-49D1-992C-17B0E9C6D8ED}.Debug|Any CPU.Build.0 = Debug|Any CPU
		{0905D737-9F4C-49D1-992C-17B0E9C6D8ED}.Release|Any CPU.ActiveCfg = Release|Any CPU
		{0905D737-9F4C-49D1-992C-17B0E9C6D8ED}.Release|Any CPU.Build.0 = Release|Any CPU
	EndGlobalSection
	GlobalSection(SolutionProperties) = preSolution
		HideSolutionNode = FALSE
	EndGlobalSection
	GlobalSection(ExtensibilityGlobals) = postSolution
		SolutionGuid = {D764C3E6-D807-4E75-90F3-EAE498C30CC3}
	EndGlobalSection
EndGlobal
